
Microsoft Visual Studio Solution File, Format Version 12.00
# Visual Studio Version 16
VisualStudioVersion = 16.0.32413.511
MinimumVisualStudioVersion = 10.0.40219.1
Project("{FAE04EC0-301F-11D3-BF4B-00C04F79EFBC}") = "UIPrincipal", "UIPrincipal\UIPrincipal.csproj", "{2C1298CF-A091-4C60-9A58-886EDD08CA5F}"
EndProject
Project("{FAE04EC0-301F-11D3-BF4B-00C04F79EFBC}") = "Model", "Model\Model.csproj", "{FF4F0F98-762F-4576-BCA6-4B8B5AD229A4}"
EndProject
Project("{FAE04EC0-301F-11D3-BF4B-00C04F79EFBC}") = "BLL", "BLL\BLL.csproj", "{558FA7BA-F36F-4DE9-81FE-19527408DE65}"
EndProject
Global
	GlobalSection(SolutionConfigurationPlatforms) = preSolution
		Debug|Any CPU = Debug|Any CPU
		Release|Any CPU = Release|Any CPU
	EndGlobalSection
	GlobalSection(ProjectConfigurationPlatforms) = postSolution
		{2C1298CF-A091-4C60-9A58-886EDD08CA5F}.Debug|Any CPU.ActiveCfg = Debug|Any CPU
		{2C1298CF-A091-4C60-9A58-886EDD08CA5F}.Debug|Any CPU.Build.0 = Debug|Any CPU
		{2C1298CF-A091-4C60-9A58-886EDD08CA5F}.Release|Any CPU.ActiveCfg = Release|Any CPU
		{2C1298CF-A091-4C60-9A58-886EDD08CA5F}.Release|Any CPU.Build.0 = Release|Any CPU
		{FF4F0F98-762F-4576-BCA6-4B8B5AD229A4}.Debug|Any CPU.ActiveCfg = Debug|Any CPU
		{FF4F0F98-762F-4576-BCA6-4B8B5AD229A4}.Debug|Any CPU.Build.0 = Debug|Any CPU
		{FF4F0F98-762F-4576-BCA6-4B8B5AD229A4}.Release|Any CPU.ActiveCfg = Release|Any CPU
		{FF4F0F98-762F-4576-BCA6-4B8B5AD229A4}.Release|Any CPU.Build.0 = Release|Any CPU
		{558FA7BA-F36F-4DE9-81FE-19527408DE65}.Debug|Any CPU.ActiveCfg = Debug|Any CPU
		{558FA7BA-F36F-4DE9-81FE-19527408DE65}.Debug|Any CPU.Build.0 = Debug|Any CPU
		{558FA7BA-F36F-4DE9-81FE-19527408DE65}.Release|Any CPU.ActiveCfg = Release|Any CPU
		{558FA7BA-F36F-4DE9-81FE-19527408DE65}.Release|Any CPU.Build.0 = Release|Any CPU
	EndGlobalSection
	GlobalSection(SolutionProperties) = preSolution
		HideSolutionNode = FALSE
	EndGlobalSection
	GlobalSection(ExtensibilityGlobals) = postSolution
		SolutionGuid = {7B653D3C-8806-4D1D-9E05-965512E10083}
	EndGlobalSection
EndGlobal
